
Microsoft Visual Studio Solution File, Format Version 12.00
# Visual Studio 15
VisualStudioVersion = 15.0.28307.271
MinimumVisualStudioVersion = 10.0.40219.1
Project("{FAE04EC0-301F-11D3-BF4B-00C04F79EFBC}") = "ArduinoC", "ArduinoC\ArduinoC.csproj", "{3A769F86-D21C-4D0F-A345-F80E309B2435}"
EndProject
Global
	GlobalSection(SolutionConfigurationPlatforms) = preSolution
		Debug|Any CPU = Debug|Any CPU
		Release|Any CPU = Release|Any CPU
	EndGlobalSection
	GlobalSection(ProjectConfigurationPlatforms) = postSolution
		{3A769F86-D21C-4D0F-A345-F80E309B2435}.Debug|Any CPU.ActiveCfg = Debug|Any CPU
		{3A769F86-D21C-4D0F-A345-F80E309B2435}.Debug|Any CPU.Build.0 = Debug|Any CPU
		{3A769F86-D21C-4D0F-A345-F80E309B2435}.Release|Any CPU.ActiveCfg = Release|Any CPU
		{3A769F86-D21C-4D0F-A345-F80E309B2435}.Release|Any CPU.Build.0 = Release|Any CPU
	EndGlobalSection
	GlobalSection(SolutionProperties) = preSolution
		HideSolutionNode = FALSE
	EndGlobalSection
	GlobalSection(ExtensibilityGlobals) = postSolution
		SolutionGuid = {F8EE40AE-CEE8-4DA3-A338-F3F26F2B45BC}
	EndGlobalSection
EndGlobal
